<?xml version="1.0" encoding="utf-8"?>
<Project xmlns="http://schemas.microsoft.com/developer/msbuild/2003">
  <PropertyGroup>
    <ProjectGuid>{a9947f1b-3831-4991-aae6-5ecaa3f34821}</ProjectGuid>
    <MainSource>DelphiBoostPackTests.dpr</MainSource>
    <Configuration Condition=" '$(Configuration)' == '' ">Debug</Configuration>
    <Platform Condition=" '$(Platform)' == '' ">AnyCPU</Platform>
    <DCC_DCCCompiler>DCC32</DCC_DCCCompiler>
    <DCC_DependencyCheckOutputName>!bin\DelphiBoostPackTests.exe</DCC_DependencyCheckOutputName>
  </PropertyGroup>
  <PropertyGroup Condition=" '$(Configuration)|$(Platform)' == 'Release|AnyCPU' ">
    <Version>7.0</Version>
    <DCC_DebugInformation>False</DCC_DebugInformation>
    <DCC_LocalDebugSymbols>False</DCC_LocalDebugSymbols>
    <DCC_SymbolReferenceInfo>0</DCC_SymbolReferenceInfo>
    <DCC_Define>RELEASE</DCC_Define>
  </PropertyGroup>
  <PropertyGroup Condition=" '$(Configuration)|$(Platform)' == 'Debug|AnyCPU' ">
    <Version>7.0</Version>
    <DCC_Define>DEBUG;_CONSOLE_TESTRUNNER;BENCHMARK</DCC_Define>
    <DCC_UnitSearchPath>;$(BDS)\Source\DUnit\src</DCC_UnitSearchPath>
    <DCC_ResourcePath>;$(BDS)\Source\DUnit\src</DCC_ResourcePath>
    <DCC_ObjPath>;$(BDS)\Source\DUnit\src</DCC_ObjPath>
    <DCC_IncludePath>;$(BDS)\Source\DUnit\src</DCC_IncludePath>
    <DCC_ExeOutput>.\!bin</DCC_ExeOutput>
    <DCC_DcuOutput>.\!dcu\Debug</DCC_DcuOutput>
    <DCC_ObjOutput>.\!dcu\Debug</DCC_ObjOutput>
    <DCC_HppOutput>.\!dcu\Debug</DCC_HppOutput>
    <DCC_Optimize>False</DCC_Optimize>
  </PropertyGroup>
  <ProjectExtensions>
    <Borland.Personality>Delphi.Personality</Borland.Personality>
    <Borland.ProjectType />
    <BorlandProject>
<BorlandProject><Delphi.Personality><Parameters><Parameters Name="UseLauncher">False</Parameters><Parameters Name="LoadAllSymbols">True</Parameters><Parameters Name="LoadUnspecifiedSymbols">False</Parameters></Parameters><VersionInfo><VersionInfo Name="IncludeVerInfo">False</VersionInfo><VersionInfo Name="AutoIncBuild">False</VersionInfo><VersionInfo Name="MajorVer">1</VersionInfo><VersionInfo Name="MinorVer">0</VersionInfo><VersionInfo Name="Release">0</VersionInfo><VersionInfo Name="Build">0</VersionInfo><VersionInfo Name="Debug">False</VersionInfo><VersionInfo Name="PreRelease">False</VersionInfo><VersionInfo Name="Special">False</VersionInfo><VersionInfo Name="Private">False</VersionInfo><VersionInfo Name="DLL">False</VersionInfo><VersionInfo Name="Locale">1026</VersionInfo><VersionInfo Name="CodePage">1251</VersionInfo></VersionInfo><VersionInfoKeys><VersionInfoKeys Name="CompanyName"></VersionInfoKeys><VersionInfoKeys Name="FileDescription"></VersionInfoKeys><VersionInfoKeys Name="FileVersion">1.0.0.0</VersionInfoKeys><VersionInfoKeys Name="InternalName"></VersionInfoKeys><VersionInfoKeys Name="LegalCopyright"></VersionInfoKeys><VersionInfoKeys Name="LegalTrademarks"></VersionInfoKeys><VersionInfoKeys Name="OriginalFilename"></VersionInfoKeys><VersionInfoKeys Name="ProductName"></VersionInfoKeys><VersionInfoKeys Name="ProductVersion">1.0.0.0</VersionInfoKeys><VersionInfoKeys Name="Comments"></VersionInfoKeys></VersionInfoKeys><Source><Source Name="MainSource">DelphiBoostPackTests.dpr</Source></Source></Delphi.Personality><UnitTesting><TestFramework>DUnit / Delphi Win32</TestFramework><TestRunner>GUI</TestRunner></UnitTesting><ModelSupport>False</ModelSupport></BorlandProject></BorlandProject>
  </ProjectExtensions>
  <Import Project="$(MSBuildBinPath)\Borland.Delphi.Targets" />
  <Import Project="$(MSBuildBinPath)\Borland.Delphi.Targets" />
  <ItemGroup>
    <DelphiCompile Include="DelphiBoostPackTests.dpr">
      <MainSource>MainSource</MainSource>
    </DelphiCompile>
    <DCCReference Include="..\src\Core\Classes\BpHashBobJenkinsUnit.pas" />
    <DCCReference Include="..\src\Core\Classes\BpIntList.pas">
      <ModuleName>BpIntListU</ModuleName>
    </DCCReference>
    <DCCReference Include="..\src\Core\Classes\BpIntList.pas" />
    <DCCReference Include="..\src\Core\Classes\BpIntListU.pas" />
    <DCCReference Include="..\src\Core\Classes\BpIntListUn.pas" />
    <DCCReference Include="..\src\Core\Classes\BpIntListUni.pas" />
    <DCCReference Include="..\src\Core\Classes\BpIntListUnit.pas" />
    <DCCReference Include="..\src\Core\Classes\BpObjectComparerUnit.pas" />
    <DCCReference Include="..\src\Core\Classes\InterfacedCollectionItemUnit.pas" />
    <DCCReference Include="..\src\Core\Interfaces\BpIntListIntf.pas" />
    <DCCReference Include="..\src\Core\Interfaces\UniqueIdIntf.pas" />
    <DCCReference Include="..\src\Core\Units\BpSysUtils.pas" />
    <DCCReference Include="Benchmarks\BpBaseBenchmarkTestCase.pas" />
    <DCCReference Include="Benchmarks\BpStringOperationsBenchmark.pas" />
    <DCCReference Include="Benchmarks\BpTypesOperationsBenchmark.pas" />
    <DCCReference Include="Core\BpHashBobJenkinsTests.pas" />
    <DCCReference Include="Core\BpIntListBenchmark.pas" />
    <DCCReference Include="Core\BpIntListMemoryTests.pas" />
    <DCCReference Include="Core\BpIntListTests.pas" />
    <DCCReference Include="Core\BpObjectComparerCollectionClasses.pas" />
    <DCCReference Include="Core\BpObjectComparerSimpleClasses.pas" />
    <DCCReference Include="Core\BpObjectComparerSimpleTests.pas" />
    <DCCReference Include="Core\BpSysUtilsTests.pas" />
  </ItemGroup>
</Project>