<?xml version="1.0" encoding="utf-8"?>
<Project xmlns="http://schemas.microsoft.com/developer/msbuild/2003">
  <PropertyGroup>
    <ProjectGuid>{c1049e4b-8fc4-4206-b3f0-11c9534c1138}</ProjectGuid>
    <Configuration Condition=" '$(Configuration)' == '' ">Release</Configuration>
    <Platform Condition=" '$(Platform)' == '' ">AnyCPU</Platform>
    <DCC_DCCCompiler>DCC32</DCC_DCCCompiler>
    <DCC_DependencyCheckOutputName>!bin\DelphiBoostPack.exe</DCC_DependencyCheckOutputName>
    <MainSource>DelphiBoostPack.dpr</MainSource>
  </PropertyGroup>
  <PropertyGroup Condition=" '$(Configuration)|$(Platform)' == 'Release|AnyCPU' ">
    <Version>7.0</Version>
    <DCC_DebugInformation>False</DCC_DebugInformation>
    <DCC_LocalDebugSymbols>False</DCC_LocalDebugSymbols>
    <DCC_SymbolReferenceInfo>0</DCC_SymbolReferenceInfo>
    <DCC_Define>RELEASE</DCC_Define>
    <DCC_ExeOutput>.\!bin</DCC_ExeOutput>
    <DCC_DcuOutput>.\!dcu\Release</DCC_DcuOutput>
    <DCC_ObjOutput>.\!dcu\Release</DCC_ObjOutput>
    <DCC_HppOutput>.\!dcu\Release</DCC_HppOutput>
    <DCC_DcpOutput>.\!dcu</DCC_DcpOutput>
  </PropertyGroup>
  <PropertyGroup Condition=" '$(Configuration)|$(Platform)' == 'Debug|AnyCPU' ">
    <Version>7.0</Version>
    <DCC_Define>DEBUG</DCC_Define>
    <DCC_ExeOutput>.\!bin</DCC_ExeOutput>
    <DCC_DcuOutput>.\!dcu\Debug</DCC_DcuOutput>
    <DCC_ObjOutput>.\!dcu\Debug</DCC_ObjOutput>
    <DCC_HppOutput>.\!dcu\Debug</DCC_HppOutput>
    <DCC_DcpOutput>.\!dcu</DCC_DcpOutput>
    <DCC_Optimize>False</DCC_Optimize>
  </PropertyGroup>
  <ProjectExtensions>
    <Borland.Personality>Delphi.Personality</Borland.Personality>
    <Borland.ProjectType />
    <BorlandProject>
<BorlandProject><Delphi.Personality><Parameters><Parameters Name="UseLauncher">False</Parameters><Parameters Name="LoadAllSymbols">True</Parameters><Parameters Name="LoadUnspecifiedSymbols">False</Parameters></Parameters><VersionInfo><VersionInfo Name="IncludeVerInfo">False</VersionInfo><VersionInfo Name="AutoIncBuild">False</VersionInfo><VersionInfo Name="MajorVer">1</VersionInfo><VersionInfo Name="MinorVer">0</VersionInfo><VersionInfo Name="Release">0</VersionInfo><VersionInfo Name="Build">0</VersionInfo><VersionInfo Name="Debug">False</VersionInfo><VersionInfo Name="PreRelease">False</VersionInfo><VersionInfo Name="Special">False</VersionInfo><VersionInfo Name="Private">False</VersionInfo><VersionInfo Name="DLL">False</VersionInfo><VersionInfo Name="Locale">1026</VersionInfo><VersionInfo Name="CodePage">1251</VersionInfo></VersionInfo><VersionInfoKeys><VersionInfoKeys Name="CompanyName"></VersionInfoKeys><VersionInfoKeys Name="FileDescription"></VersionInfoKeys><VersionInfoKeys Name="FileVersion">1.0.0.0</VersionInfoKeys><VersionInfoKeys Name="InternalName"></VersionInfoKeys><VersionInfoKeys Name="LegalCopyright"></VersionInfoKeys><VersionInfoKeys Name="LegalTrademarks"></VersionInfoKeys><VersionInfoKeys Name="OriginalFilename"></VersionInfoKeys><VersionInfoKeys Name="ProductName"></VersionInfoKeys><VersionInfoKeys Name="ProductVersion">1.0.0.0</VersionInfoKeys><VersionInfoKeys Name="Comments"></VersionInfoKeys></VersionInfoKeys><Source><Source Name="MainSource">DelphiBoostPack.dpr</Source></Source></Delphi.Personality><ModelSupport>False</ModelSupport></BorlandProject></BorlandProject>
  </ProjectExtensions>
  <Import Project="$(MSBuildBinPath)\Borland.Delphi.Targets" />
  <ItemGroup>
    <DelphiCompile Include="DelphiBoostPack.dpr">
      <MainSource>MainSource</MainSource>
    </DelphiCompile>
    <DCCReference Include="Core\Classes\BpDictionary.pas" />
    <DCCReference Include="Core\Classes\BpHashBobJenkins.pas" />
    <DCCReference Include="Core\Classes\BpHashBobJenkinsU.pas" />
    <DCCReference Include="Core\Classes\BpHashBobJenkinsUn.pas" />
    <DCCReference Include="Core\Classes\BpHashBobJenkinsUni.pas" />
    <DCCReference Include="Core\Classes\BpHashBobJenkinsUnit.pas" />
    <DCCReference Include="Core\Classes\BpIntList.pas" />
    <DCCReference Include="Core\Classes\BpIntListU.pas" />
    <DCCReference Include="Core\Classes\BpIntListUn.pas" />
    <DCCReference Include="Core\Classes\BpIntListUni.pas" />
    <DCCReference Include="Core\Classes\BpIntListUnit.pas" />
    <DCCReference Include="Core\Classes\BpObjectComparer.pas" />
    <DCCReference Include="Core\Classes\BpObjectComparerU.pas" />
    <DCCReference Include="Core\Classes\BpObjectComparerUn.pas" />
    <DCCReference Include="Core\Classes\BpObjectComparerUni.pas" />
    <DCCReference Include="Core\Classes\BpObjectComparerUnit.pas" />
    <DCCReference Include="Core\Classes\InterfacedCollectionItem.pas" />
    <DCCReference Include="Core\Classes\InterfacedCollectionItemU.pas" />
    <DCCReference Include="Core\Classes\InterfacedCollectionItemUn.pas" />
    <DCCReference Include="Core\Classes\InterfacedCollectionItemUni.pas" />
    <DCCReference Include="Core\Classes\InterfacedCollectionItemUnit.pas" />
    <DCCReference Include="Core\Interfaces\BpIntListIntf.pas" />
    <DCCReference Include="Core\Interfaces\UniqueIdIntf.pas" />
    <DCCReference Include="Core\Units\BpSysUtils.pas" />
    <DCCReference Include="Core\Units\StopWatch.pas" />
  </ItemGroup>
</Project>